
Microsoft Visual Studio Solution File, Format Version 12.00
# Visual Studio Version 17
VisualStudioVersion = 17.4.33213.308
MinimumVisualStudioVersion = 10.0.40219.1
Project("{9A19103F-16F7-4668-BE54-9A1E7A4F7556}") = "Matrix", "Matrix\Matrix.csproj", "{1A347D57-839E-438E-9C18-3D6C843449A9}"
EndProject
Project("{FAE04EC0-301F-11D3-BF4B-00C04F79EFBC}") = "Matrix.Core.Domain", "Matrix.Core.Domain\Matrix.Core.Domain.csproj", "{42390935-B478-46AE-9C6C-9BC2822F09F4}"
EndProject
Project("{FAE04EC0-301F-11D3-BF4B-00C04F79EFBC}") = "Matrix.Infastructure.Persistence", "Matrix.Infastructure.Persistence\Matrix.Infastructure.Persistence.csproj", "{8B70874E-7426-4181-96FE-349A374B8031}"
EndProject
Project("{FAE04EC0-301F-11D3-BF4B-00C04F79EFBC}") = "Matrix.Infastructure.Services", "Matrix.Infastructure.Services\Matrix.Infastructure.Services.csproj", "{50DD4FE4-2082-473C-B43D-7077B37652A7}"
EndProject
Project("{FAE04EC0-301F-11D3-BF4B-00C04F79EFBC}") = "Matrix.Core.Application", "Matrix.Core.Application\Matrix.Core.Application.csproj", "{104DBD78-B14B-47C1-ABB5-7A334E1D7831}"
EndProject
Global
	GlobalSection(SolutionConfigurationPlatforms) = preSolution
		Debug|Any CPU = Debug|Any CPU
		Release|Any CPU = Release|Any CPU
	EndGlobalSection
	GlobalSection(ProjectConfigurationPlatforms) = postSolution
		{1A347D57-839E-438E-9C18-3D6C843449A9}.Debug|Any CPU.ActiveCfg = Debug|Any CPU
		{1A347D57-839E-438E-9C18-3D6C843449A9}.Debug|Any CPU.Build.0 = Debug|Any CPU
		{1A347D57-839E-438E-9C18-3D6C843449A9}.Release|Any CPU.ActiveCfg = Release|Any CPU
		{1A347D57-839E-438E-9C18-3D6C843449A9}.Release|Any CPU.Build.0 = Release|Any CPU
		{42390935-B478-46AE-9C6C-9BC2822F09F4}.Debug|Any CPU.ActiveCfg = Debug|Any CPU
		{42390935-B478-46AE-9C6C-9BC2822F09F4}.Debug|Any CPU.Build.0 = Debug|Any CPU
		{42390935-B478-46AE-9C6C-9BC2822F09F4}.Release|Any CPU.ActiveCfg = Release|Any CPU
		{42390935-B478-46AE-9C6C-9BC2822F09F4}.Release|Any CPU.Build.0 = Release|Any CPU
		{8B70874E-7426-4181-96FE-349A374B8031}.Debug|Any CPU.ActiveCfg = Debug|Any CPU
		{8B70874E-7426-4181-96FE-349A374B8031}.Debug|Any CPU.Build.0 = Debug|Any CPU
		{8B70874E-7426-4181-96FE-349A374B8031}.Release|Any CPU.ActiveCfg = Release|Any CPU
		{8B70874E-7426-4181-96FE-349A374B8031}.Release|Any CPU.Build.0 = Release|Any CPU
		{50DD4FE4-2082-473C-B43D-7077B37652A7}.Debug|Any CPU.ActiveCfg = Debug|Any CPU
		{50DD4FE4-2082-473C-B43D-7077B37652A7}.Debug|Any CPU.Build.0 = Debug|Any CPU
		{50DD4FE4-2082-473C-B43D-7077B37652A7}.Release|Any CPU.ActiveCfg = Release|Any CPU
		{50DD4FE4-2082-473C-B43D-7077B37652A7}.Release|Any CPU.Build.0 = Release|Any CPU
		{104DBD78-B14B-47C1-ABB5-7A334E1D7831}.Debug|Any CPU.ActiveCfg = Debug|Any CPU
		{104DBD78-B14B-47C1-ABB5-7A334E1D7831}.Debug|Any CPU.Build.0 = Debug|Any CPU
		{104DBD78-B14B-47C1-ABB5-7A334E1D7831}.Release|Any CPU.ActiveCfg = Release|Any CPU
		{104DBD78-B14B-47C1-ABB5-7A334E1D7831}.Release|Any CPU.Build.0 = Release|Any CPU
	EndGlobalSection
	GlobalSection(SolutionProperties) = preSolution
		HideSolutionNode = FALSE
	EndGlobalSection
	GlobalSection(ExtensibilityGlobals) = postSolution
		SolutionGuid = {4CBC4895-4D70-446C-847E-DFAC5EB3F111}
	EndGlobalSection
EndGlobal
